{
    "_meta": {
        "hash": {
            "sha256": "614c923d490812a6b2eed635d1ab52bd56fb2ee57abe55adde0c410ff1304124"
        },
        "requires": {},
        "sources": [
            {
                "url": "https://pypi.python.org/simple",
                "verify_ssl": true
            }
        ]
    },
    "default": {
        "pkgtool": "==0.1b51"
    },
    "develop": {
        "-e .": "*",
        "coverage": {
            "version": "==4.4.1"
        },
        "py": {
            "version": "==1.4.34"
        },
        "pytest": {
            "version": "==3.1.2"
        },
        "pytest-cov": {
            "version": "==2.5.1"
        },
        "setuptools": {
            "version": "==36.0.1"
        }
    }
}
