{
    "_meta": {
        "hash": {
            "sha256": "0b27edbeff5ce23e269d8aee2b0fb0ca4a625f55b030549910ca4601bf8ff9f9"
        },
        "requires": {},
        "sources": [
            {
                "url": "https://pypi.python.org/simple",
                "verify_ssl": true
            }
        ]
    },
    "default": {
        "-e .": "*",
        "-e ../pkgtool": "*",
        "toml": {
            "version": "==0.9.2"
        }
    },
    "develop": {}
}
