{
    "_meta": {
        "hash": {
            "sha256": "c5624c777d104400a352eac707c2b8df748579780eb6954aa363d033523f4f0e"
        },
        "requires": {},
        "sources": [
            {
                "url": "https://pypi.python.org/simple",
                "verify_ssl": true
            }
        ]
    },
    "default": {},
    "develop": {
        "-e .": "*"
    }
}
