{
    "author_email": "charlesrymal@gmail.com",
    "description": "very simple tool for executing python code objects",
    "url": "http://github.com/chuck1/codemach",
    "license": "MIT",
    "author": "Charles Rymal",
    "name": "codemach",
    "packages": [
        "codemach"
    ],
    "classifiers": [
        "Programming Language :: Python :: 3.6"
    ]
}